// !$*UTF8*$!
{
	archiveVersion = 1;
	classes = {
	};
	objectVersion = 46;
	objects = {

/* Begin PBXBuildFile section */
		78B4091F18D1394100E0A50E /* Foundation.framework in Frameworks */ = {isa = PBXBuildFile; fileRef = 78B4091E18D1394100E0A50E /* Foundation.framework */; };
		78B4092118D1394100E0A50E /* CoreGraphics.framework in Frameworks */ = {isa = PBXBuildFile; fileRef = 78B4092018D1394100E0A50E /* CoreGraphics.framework */; };
		78B4092318D1394100E0A50E /* UIKit.framework in Frameworks */ = {isa = PBXBuildFile; fileRef = 78B4092218D1394100E0A50E /* UIKit.framework */; };
		78B4092918D1394100E0A50E /* InfoPlist.strings in Resources */ = {isa = PBXBuildFile; fileRef = 78B4092718D1394100E0A50E /* InfoPlist.strings */; };
		78B4092B18D1394100E0A50E /* main.m in Sources */ = {isa = PBXBuildFile; fileRef = 78B4092A18D1394100E0A50E /* main.m */; };
		78B4092F18D1394100E0A50E /* AppDelegate.m in Sources */ = {isa = PBXBuildFile; fileRef = 78B4092E18D1394100E0A50E /* AppDelegate.m */; };
		78B4093218D1394100E0A50E /* Main.storyboard in Resources */ = {isa = PBXBuildFile; fileRef = 78B4093018D1394100E0A50E /* Main.storyboard */; };
		78B4093518D1394100E0A50E /* ViewController.m in Sources */ = {isa = PBXBuildFile; fileRef = 78B4093418D1394100E0A50E /* ViewController.m */; };
		78B4093718D1394100E0A50E /* Images.xcassets in Resources */ = {isa = PBXBuildFile; fileRef = 78B4093618D1394100E0A50E /* Images.xcassets */; };
		78B4093E18D1394100E0A50E /* XCTest.framework in Frameworks */ = {isa = PBXBuildFile; fileRef = 78B4093D18D1394100E0A50E /* XCTest.framework */; };
		78B4093F18D1394100E0A50E /* Foundation.framework in Frameworks */ = {isa = PBXBuildFile; fileRef = 78B4091E18D1394100E0A50E /* Foundation.framework */; };
		78B4094018D1394100E0A50E /* UIKit.framework in Frameworks */ = {isa = PBXBuildFile; fileRef = 78B4092218D1394100E0A50E /* UIKit.framework */; };
		78B4094818D1394100E0A50E /* InfoPlist.strings in Resources */ = {isa = PBXBuildFile; fileRef = 78B4094618D1394100E0A50E /* InfoPlist.strings */; };
		78B4094A18D1394100E0A50E /* PictureTests.m in Sources */ = {isa = PBXBuildFile; fileRef = 78B4094918D1394100E0A50E /* PictureTests.m */; };
		78B4095918D1457800E0A50E /* memo.txt in Resources */ = {isa = PBXBuildFile; fileRef = 78B4095818D1457800E0A50E /* memo.txt */; };
		78B4095C18D14A6200E0A50E /* img04.png in Resources */ = {isa = PBXBuildFile; fileRef = 78B4095A18D14A6200E0A50E /* img04.png */; };
		78B4095D18D14A6200E0A50E /* img03.png in Resources */ = {isa = PBXBuildFile; fileRef = 78B4095B18D14A6200E0A50E /* img03.png */; };
/* End PBXBuildFile section */

/* Begin PBXContainerItemProxy section */
		78B4094118D1394100E0A50E /* PBXContainerItemProxy */ = {
			isa = PBXContainerItemProxy;
			containerPortal = 78B4091318D1394100E0A50E /* Project object */;
			proxyType = 1;
			remoteGlobalIDString = 78B4091A18D1394100E0A50E;
			remoteInfo = Picture;
		};
/* End PBXContainerItemProxy section */

/* Begin PBXFileReference section */
		78B4091B18D1394100E0A50E /* Picture.app */ = {isa = PBXFileReference; explicitFileType = wrapper.application; includeInIndex = 0; path = Picture.app; sourceTree = BUILT_PRODUCTS_DIR; };
		78B4091E18D1394100E0A50E /* Foundation.framework */ = {isa = PBXFileReference; lastKnownFileType = wrapper.framework; name = Foundation.framework; path = System/Library/Frameworks/Foundation.framework; sourceTree = SDKROOT; };
		78B4092018D1394100E0A50E /* CoreGraphics.framework */ = {isa = PBXFileReference; lastKnownFileType = wrapper.framework; name = CoreGraphics.framework; path = System/Library/Frameworks/CoreGraphics.framework; sourceTree = SDKROOT; };
		78B4092218D1394100E0A50E /* UIKit.framework */ = {isa = PBXFileReference; lastKnownFileType = wrapper.framework; name = UIKit.framework; path = System/Library/Frameworks/UIKit.framework; sourceTree = SDKROOT; };
		78B4092618D1394100E0A50E /* Picture-Info.plist */ = {isa = PBXFileReference; lastKnownFileType = text.plist.xml; path = "Picture-Info.plist"; sourceTree = "<group>"; };
		78B4092818D1394100E0A50E /* en */ = {isa = PBXFileReference; lastKnownFileType = text.plist.strings; name = en; path = en.lproj/InfoPlist.strings; sourceTree = "<group>"; };
		78B4092A18D1394100E0A50E /* main.m */ = {isa = PBXFileReference; lastKnownFileType = sourcecode.c.objc; path = main.m; sourceTree = "<group>"; };
		78B4092C18D1394100E0A50E /* Picture-Prefix.pch */ = {isa = PBXFileReference; lastKnownFileType = sourcecode.c.h; path = "Picture-Prefix.pch"; sourceTree = "<group>"; };
		78B4092D18D1394100E0A50E /* AppDelegate.h */ = {isa = PBXFileReference; lastKnownFileType = sourcecode.c.h; path = AppDelegate.h; sourceTree = "<group>"; };
		78B4092E18D1394100E0A50E /* AppDelegate.m */ = {isa = PBXFileReference; lastKnownFileType = sourcecode.c.objc; path = AppDelegate.m; sourceTree = "<group>"; };
		78B4093118D1394100E0A50E /* Base */ = {isa = PBXFileReference; lastKnownFileType = file.storyboard; name = Base; path = Base.lproj/Main.storyboard; sourceTree = "<group>"; };
		78B4093318D1394100E0A50E /* ViewController.h */ = {isa = PBXFileReference; lastKnownFileType = sourcecode.c.h; path = ViewController.h; sourceTree = "<group>"; };
		78B4093418D1394100E0A50E /* ViewController.m */ = {isa = PBXFileReference; lastKnownFileType = sourcecode.c.objc; path = ViewController.m; sourceTree = "<group>"; };
		78B4093618D1394100E0A50E /* Images.xcassets */ = {isa = PBXFileReference; lastKnownFileType = folder.assetcatalog; path = Images.xcassets; sourceTree = "<group>"; };
		78B4093C18D1394100E0A50E /* PictureTests.xctest */ = {isa = PBXFileReference; explicitFileType = wrapper.cfbundle; includeInIndex = 0; path = PictureTests.xctest; sourceTree = BUILT_PRODUCTS_DIR; };
		78B4093D18D1394100E0A50E /* XCTest.framework */ = {isa = PBXFileReference; lastKnownFileType = wrapper.framework; name = XCTest.framework; path = Library/Frameworks/XCTest.framework; sourceTree = DEVELOPER_DIR; };
		78B4094518D1394100E0A50E /* PictureTests-Info.plist */ = {isa = PBXFileReference; lastKnownFileType = text.plist.xml; path = "PictureTests-Info.plist"; sourceTree = "<group>"; };
		78B4094718D1394100E0A50E /* en */ = {isa = PBXFileReference; lastKnownFileType = text.plist.strings; name = en; path = en.lproj/InfoPlist.strings; sourceTree = "<group>"; };
		78B4094918D1394100E0A50E /* PictureTests.m */ = {isa = PBXFileReference; lastKnownFileType = sourcecode.c.objc; path = PictureTests.m; sourceTree = "<group>"; };
		78B4095818D1457800E0A50E /* memo.txt */ = {isa = PBXFileReference; fileEncoding = 4; lastKnownFileType = text; path = memo.txt; sourceTree = "<group>"; };
		78B4095A18D14A6200E0A50E /* img04.png */ = {isa = PBXFileReference; lastKnownFileType = image.png; path = img04.png; sourceTree = "<group>"; };
		78B4095B18D14A6200E0A50E /* img03.png */ = {isa = PBXFileReference; lastKnownFileType = image.png; path = img03.png; sourceTree = "<group>"; };
/* End PBXFileReference section */

/* Begin PBXFrameworksBuildPhase section */
		78B4091818D1394100E0A50E /* Frameworks */ = {
			isa = PBXFrameworksBuildPhase;
			buildActionMask = 2147483647;
			files = (
				78B4092118D1394100E0A50E /* CoreGraphics.framework in Frameworks */,
				78B4092318D1394100E0A50E /* UIKit.framework in Frameworks */,
				78B4091F18D1394100E0A50E /* Foundation.framework in Frameworks */,
			);
			runOnlyForDeploymentPostprocessing = 0;
		};
		78B4093918D1394100E0A50E /* Frameworks */ = {
			isa = PBXFrameworksBuildPhase;
			buildActionMask = 2147483647;
			files = (
				78B4093E18D1394100E0A50E /* XCTest.framework in Frameworks */,
				78B4094018D1394100E0A50E /* UIKit.framework in Frameworks */,
				78B4093F18D1394100E0A50E /* Foundation.framework in Frameworks */,
			);
			runOnlyForDeploymentPostprocessing = 0;
		};
/* End PBXFrameworksBuildPhase section */

/* Begin PBXGroup section */
		78B4091218D1394100E0A50E = {
			isa = PBXGroup;
			children = (
				78B4095818D1457800E0A50E /* memo.txt */,
				78B4092418D1394100E0A50E /* Picture */,
				78B4094318D1394100E0A50E /* PictureTests */,
				78B4091D18D1394100E0A50E /* Frameworks */,
				78B4091C18D1394100E0A50E /* Products */,
			);
			sourceTree = "<group>";
		};
		78B4091C18D1394100E0A50E /* Products */ = {
			isa = PBXGroup;
			children = (
				78B4091B18D1394100E0A50E /* Picture.app */,
				78B4093C18D1394100E0A50E /* PictureTests.xctest */,
			);
			name = Products;
			sourceTree = "<group>";
		};
		78B4091D18D1394100E0A50E /* Frameworks */ = {
			isa = PBXGroup;
			children = (
				78B4091E18D1394100E0A50E /* Foundation.framework */,
				78B4092018D1394100E0A50E /* CoreGraphics.framework */,
				78B4092218D1394100E0A50E /* UIKit.framework */,
				78B4093D18D1394100E0A50E /* XCTest.framework */,
			);
			name = Frameworks;
			sourceTree = "<group>";
		};
		78B4092418D1394100E0A50E /* Picture */ = {
			isa = PBXGroup;
			children = (
				78B4092D18D1394100E0A50E /* AppDelegate.h */,
				78B4092E18D1394100E0A50E /* AppDelegate.m */,
				78B4093018D1394100E0A50E /* Main.storyboard */,
				78B4093318D1394100E0A50E /* ViewController.h */,
				78B4093418D1394100E0A50E /* ViewController.m */,
				78B4093618D1394100E0A50E /* Images.xcassets */,
				78B4092518D1394100E0A50E /* Supporting Files */,
			);
			path = Picture;
			sourceTree = "<group>";
		};
		78B4092518D1394100E0A50E /* Supporting Files */ = {
			isa = PBXGroup;
			children = (
				78B4095A18D14A6200E0A50E /* img04.png */,
				78B4095B18D14A6200E0A50E /* img03.png */,
				78B4092618D1394100E0A50E /* Picture-Info.plist */,
				78B4092718D1394100E0A50E /* InfoPlist.strings */,
				78B4092A18D1394100E0A50E /* main.m */,
				78B4092C18D1394100E0A50E /* Picture-Prefix.pch */,
			);
			name = "Supporting Files";
			sourceTree = "<group>";
		};
		78B4094318D1394100E0A50E /* PictureTests */ = {
			isa = PBXGroup;
			children = (
				78B4094918D1394100E0A50E /* PictureTests.m */,
				78B4094418D1394100E0A50E /* Supporting Files */,
			);
			path = PictureTests;
			sourceTree = "<group>";
		};
		78B4094418D1394100E0A50E /* Supporting Files */ = {
			isa = PBXGroup;
			children = (
				78B4094518D1394100E0A50E /* PictureTests-Info.plist */,
				78B4094618D1394100E0A50E /* InfoPlist.strings */,
			);
			name = "Supporting Files";
			sourceTree = "<group>";
		};
/* End PBXGroup section */

/* Begin PBXNativeTarget section */
		78B4091A18D1394100E0A50E /* Picture */ = {
			isa = PBXNativeTarget;
			buildConfigurationList = 78B4094D18D1394100E0A50E /* Build configuration list for PBXNativeTarget "Picture" */;
			buildPhases = (
				78B4091718D1394100E0A50E /* Sources */,
				78B4091818D1394100E0A50E /* Frameworks */,
				78B4091918D1394100E0A50E /* Resources */,
			);
			buildRules = (
			);
			dependencies = (
			);
			name = Picture;
			productName = Picture;
			productReference = 78B4091B18D1394100E0A50E /* Picture.app */;
			productType = "com.apple.product-type.application";
		};
		78B4093B18D1394100E0A50E /* PictureTests */ = {
			isa = PBXNativeTarget;
			buildConfigurationList = 78B4095018D1394100E0A50E /* Build configuration list for PBXNativeTarget "PictureTests" */;
			buildPhases = (
				78B4093818D1394100E0A50E /* Sources */,
				78B4093918D1394100E0A50E /* Frameworks */,
				78B4093A18D1394100E0A50E /* Resources */,
			);
			buildRules = (
			);
			dependencies = (
				78B4094218D1394100E0A50E /* PBXTargetDependency */,
			);
			name = PictureTests;
			productName = PictureTests;
			productReference = 78B4093C18D1394100E0A50E /* PictureTests.xctest */;
			productType = "com.apple.product-type.bundle.unit-test";
		};
/* End PBXNativeTarget section */

/* Begin PBXProject section */
		78B4091318D1394100E0A50E /* Project object */ = {
			isa = PBXProject;
			attributes = {
				LastUpgradeCheck = 0510;
				ORGANIZATIONNAME = "Hajime Maeda";
				TargetAttributes = {
					78B4093B18D1394100E0A50E = {
						TestTargetID = 78B4091A18D1394100E0A50E;
					};
				};
			};
			buildConfigurationList = 78B4091618D1394100E0A50E /* Build configuration list for PBXProject "Picture" */;
			compatibilityVersion = "Xcode 3.2";
			developmentRegion = English;
			hasScannedForEncodings = 0;
			knownRegions = (
				en,
				Base,
			);
			mainGroup = 78B4091218D1394100E0A50E;
			productRefGroup = 78B4091C18D1394100E0A50E /* Products */;
			projectDirPath = "";
			projectRoot = "";
			targets = (
				78B4091A18D1394100E0A50E /* Picture */,
				78B4093B18D1394100E0A50E /* PictureTests */,
			);
		};
/* End PBXProject section */

/* Begin PBXResourcesBuildPhase section */
		78B4091918D1394100E0A50E /* Resources */ = {
			isa = PBXResourcesBuildPhase;
			buildActionMask = 2147483647;
			files = (
				78B4093718D1394100E0A50E /* Images.xcassets in Resources */,
				78B4095C18D14A6200E0A50E /* img04.png in Resources */,
				78B4092918D1394100E0A50E /* InfoPlist.strings in Resources */,
				78B4093218D1394100E0A50E /* Main.storyboard in Resources */,
				78B4095D18D14A6200E0A50E /* img03.png in Resources */,
			);
			runOnlyForDeploymentPostprocessing = 0;
		};
		78B4093A18D1394100E0A50E /* Resources */ = {
			isa = PBXResourcesBuildPhase;
			buildActionMask = 2147483647;
			files = (
				78B4095918D1457800E0A50E /* memo.txt in Resources */,
				78B4094818D1394100E0A50E /* InfoPlist.strings in Resources */,
			);
			runOnlyForDeploymentPostprocessing = 0;
		};
/* End PBXResourcesBuildPhase section */

/* Begin PBXSourcesBuildPhase section */
		78B4091718D1394100E0A50E /* Sources */ = {
			isa = PBXSourcesBuildPhase;
			buildActionMask = 2147483647;
			files = (
				78B4093518D1394100E0A50E /* ViewController.m in Sources */,
				78B4092F18D1394100E0A50E /* AppDelegate.m in Sources */,
				78B4092B18D1394100E0A50E /* main.m in Sources */,
			);
			runOnlyForDeploymentPostprocessing = 0;
		};
		78B4093818D1394100E0A50E /* Sources */ = {
			isa = PBXSourcesBuildPhase;
			buildActionMask = 2147483647;
			files = (
				78B4094A18D1394100E0A50E /* PictureTests.m in Sources */,
			);
			runOnlyForDeploymentPostprocessing = 0;
		};
/* End PBXSourcesBuildPhase section */

/* Begin PBXTargetDependency section */
		78B4094218D1394100E0A50E /* PBXTargetDependency */ = {
			isa = PBXTargetDependency;
			target = 78B4091A18D1394100E0A50E /* Picture */;
			targetProxy = 78B4094118D1394100E0A50E /* PBXContainerItemProxy */;
		};
/* End PBXTargetDependency section */

/* Begin PBXVariantGroup section */
		78B4092718D1394100E0A50E /* InfoPlist.strings */ = {
			isa = PBXVariantGroup;
			children = (
				78B4092818D1394100E0A50E /* en */,
			);
			name = InfoPlist.strings;
			sourceTree = "<group>";
		};
		78B4093018D1394100E0A50E /* Main.storyboard */ = {
			isa = PBXVariantGroup;
			children = (
				78B4093118D1394100E0A50E /* Base */,
			);
			name = Main.storyboard;
			sourceTree = "<group>";
		};
		78B4094618D1394100E0A50E /* InfoPlist.strings */ = {
			isa = PBXVariantGroup;
			children = (
				78B4094718D1394100E0A50E /* en */,
			);
			name = InfoPlist.strings;
			sourceTree = "<group>";
		};
/* End PBXVariantGroup section */

/* Begin XCBuildConfiguration section */
		78B4094B18D1394100E0A50E /* Debug */ = {
			isa = XCBuildConfiguration;
			buildSettings = {
				ALWAYS_SEARCH_USER_PATHS = NO;
				CLANG_CXX_LANGUAGE_STANDARD = "gnu++0x";
				CLANG_CXX_LIBRARY = "libc++";
				CLANG_ENABLE_MODULES = YES;
				CLANG_ENABLE_OBJC_ARC = YES;
				CLANG_WARN_BOOL_CONVERSION = YES;
				CLANG_WARN_CONSTANT_CONVERSION = YES;
				CLANG_WARN_DIRECT_OBJC_ISA_USAGE = YES_ERROR;
				CLANG_WARN_EMPTY_BODY = YES;
				CLANG_WARN_ENUM_CONVERSION = YES;
				CLANG_WARN_INT_CONVERSION = YES;
				CLANG_WARN_OBJC_ROOT_CLASS = YES_ERROR;
				CLANG_WARN__DUPLICATE_METHOD_MATCH = YES;
				"CODE_SIGN_IDENTITY[sdk=iphoneos*]" = "iPhone Developer";
				COPY_PHASE_STRIP = NO;
				GCC_C_LANGUAGE_STANDARD = gnu99;
				GCC_DYNAMIC_NO_PIC = NO;
				GCC_OPTIMIZATION_LEVEL = 0;
				GCC_PREPROCESSOR_DEFINITIONS = (
					"DEBUG=1",
					"$(inherited)",
				);
				GCC_SYMBOLS_PRIVATE_EXTERN = NO;
				GCC_WARN_64_TO_32_BIT_CONVERSION = YES;
				GCC_WARN_ABOUT_RETURN_TYPE = YES_ERROR;
				GCC_WARN_UNDECLARED_SELECTOR = YES;
				GCC_WARN_UNINITIALIZED_AUTOS = YES;
				GCC_WARN_UNUSED_FUNCTION = YES;
				GCC_WARN_UNUSED_VARIABLE = YES;
				IPHONEOS_DEPLOYMENT_TARGET = 7.0;
				ONLY_ACTIVE_ARCH = YES;
				SDKROOT = iphoneos;
			};
			name = Debug;
		};
		78B4094C18D1394100E0A50E /* Release */ = {
			isa = XCBuildConfiguration;
			buildSettings = {
				ALWAYS_SEARCH_USER_PATHS = NO;
				CLANG_CXX_LANGUAGE_STANDARD = "gnu++0x";
				CLANG_CXX_LIBRARY = "libc++";
				CLANG_ENABLE_MODULES = YES;
				CLANG_ENABLE_OBJC_ARC = YES;
				CLANG_WARN_BOOL_CONVERSION = YES;
				CLANG_WARN_CONSTANT_CONVERSION = YES;
				CLANG_WARN_DIRECT_OBJC_ISA_USAGE = YES_ERROR;
				CLANG_WARN_EMPTY_BODY = YES;
				CLANG_WARN_ENUM_CONVERSION = YES;
				CLANG_WARN_INT_CONVERSION = YES;
				CLANG_WARN_OBJC_ROOT_CLASS = YES_ERROR;
				CLANG_WARN__DUPLICATE_METHOD_MATCH = YES;
				"CODE_SIGN_IDENTITY[sdk=iphoneos*]" = "iPhone Developer";
				COPY_PHASE_STRIP = YES;
				ENABLE_NS_ASSERTIONS = NO;
				GCC_C_LANGUAGE_STANDARD = gnu99;
				GCC_WARN_64_TO_32_BIT_CONVERSION = YES;
				GCC_WARN_ABOUT_RETURN_TYPE = YES_ERROR;
				GCC_WARN_UNDECLARED_SELECTOR = YES;
				GCC_WARN_UNINITIALIZED_AUTOS = YES;
				GCC_WARN_UNUSED_FUNCTION = YES;
				GCC_WARN_UNUSED_VARIABLE = YES;
				IPHONEOS_DEPLOYMENT_TARGET = 7.0;
				SDKROOT = iphoneos;
				VALIDATE_PRODUCT = YES;
			};
			name = Release;
		};
		78B4094E18D1394100E0A50E /* Debug */ = {
			isa = XCBuildConfiguration;
			buildSettings = {
				ASSETCATALOG_COMPILER_APPICON_NAME = AppIcon;
				ASSETCATALOG_COMPILER_LAUNCHIMAGE_NAME = LaunchImage;
				GCC_PRECOMPILE_PREFIX_HEADER = YES;
				GCC_PREFIX_HEADER = "Picture/Picture-Prefix.pch";
				INFOPLIST_FILE = "Picture/Picture-Info.plist";
				PRODUCT_NAME = "$(TARGET_NAME)";
				WRAPPER_EXTENSION = app;
			};
			name = Debug;
		};
		78B4094F18D1394100E0A50E /* Release */ = {
			isa = XCBuildConfiguration;
			buildSettings = {
				ASSETCATALOG_COMPILER_APPICON_NAME = AppIcon;
				ASSETCATALOG_COMPILER_LAUNCHIMAGE_NAME = LaunchImage;
				GCC_PRECOMPILE_PREFIX_HEADER = YES;
				GCC_PREFIX_HEADER = "Picture/Picture-Prefix.pch";
				INFOPLIST_FILE = "Picture/Picture-Info.plist";
				PRODUCT_NAME = "$(TARGET_NAME)";
				WRAPPER_EXTENSION = app;
			};
			name = Release;
		};
		78B4095118D1394100E0A50E /* Debug */ = {
			isa = XCBuildConfiguration;
			buildSettings = {
				BUNDLE_LOADER = "$(BUILT_PRODUCTS_DIR)/Picture.app/Picture";
				FRAMEWORK_SEARCH_PATHS = (
					"$(SDKROOT)/Developer/Library/Frameworks",
					"$(inherited)",
					"$(DEVELOPER_FRAMEWORKS_DIR)",
				);
				GCC_PRECOMPILE_PREFIX_HEADER = YES;
				GCC_PREFIX_HEADER = "Picture/Picture-Prefix.pch";
				GCC_PREPROCESSOR_DEFINITIONS = (
					"DEBUG=1",
					"$(inherited)",
				);
				INFOPLIST_FILE = "PictureTests/PictureTests-Info.plist";
				PRODUCT_NAME = "$(TARGET_NAME)";
				TEST_HOST = "$(BUNDLE_LOADER)";
				WRAPPER_EXTENSION = xctest;
			};
			name = Debug;
		};
		78B4095218D1394100E0A50E /* Release */ = {
			isa = XCBuildConfiguration;
			buildSettings = {
				BUNDLE_LOADER = "$(BUILT_PRODUCTS_DIR)/Picture.app/Picture";
				FRAMEWORK_SEARCH_PATHS = (
					"$(SDKROOT)/Developer/Library/Frameworks",
					"$(inherited)",
					"$(DEVELOPER_FRAMEWORKS_DIR)",
				);
				GCC_PRECOMPILE_PREFIX_HEADER = YES;
				GCC_PREFIX_HEADER = "Picture/Picture-Prefix.pch";
				INFOPLIST_FILE = "PictureTests/PictureTests-Info.plist";
				PRODUCT_NAME = "$(TARGET_NAME)";
				TEST_HOST = "$(BUNDLE_LOADER)";
				WRAPPER_EXTENSION = xctest;
			};
			name = Release;
		};
/* End XCBuildConfiguration section */

/* Begin XCConfigurationList section */
		78B4091618D1394100E0A50E /* Build configuration list for PBXProject "Picture" */ = {
			isa = XCConfigurationList;
			buildConfigurations = (
				78B4094B18D1394100E0A50E /* Debug */,
				78B4094C18D1394100E0A50E /* Release */,
			);
			defaultConfigurationIsVisible = 0;
			defaultConfigurationName = Release;
		};
		78B4094D18D1394100E0A50E /* Build configuration list for PBXNativeTarget "Picture" */ = {
			isa = XCConfigurationList;
			buildConfigurations = (
				78B4094E18D1394100E0A50E /* Debug */,
				78B4094F18D1394100E0A50E /* Release */,
			);
			defaultConfigurationIsVisible = 0;
			defaultConfigurationName = Release;
		};
		78B4095018D1394100E0A50E /* Build configuration list for PBXNativeTarget "PictureTests" */ = {
			isa = XCConfigurationList;
			buildConfigurations = (
				78B4095118D1394100E0A50E /* Debug */,
				78B4095218D1394100E0A50E /* Release */,
			);
			defaultConfigurationIsVisible = 0;
			defaultConfigurationName = Release;
		};
/* End XCConfigurationList section */
	};
	rootObject = 78B4091318D1394100E0A50E /* Project object */;
}
